
Microsoft Visual Studio Solution File, Format Version 12.00
# Visual Studio Version 16
VisualStudioVersion = 16.0.31410.357
MinimumVisualStudioVersion = 10.0.40219.1
Project("{FAE04EC0-301F-11D3-BF4B-00C04F79EFBC}") = "WSL_GUI_Controller", "WSL_GUI_Controller.csproj", "{201F4D8E-D775-4BBC-9B01-001086F817F2}"
EndProject
Global
	GlobalSection(SolutionConfigurationPlatforms) = preSolution
		Debug|Any CPU = Debug|Any CPU
		Release|Any CPU = Release|Any CPU
	EndGlobalSection
	GlobalSection(ProjectConfigurationPlatforms) = postSolution
		{201F4D8E-D775-4BBC-9B01-001086F817F2}.Debug|Any CPU.ActiveCfg = Debug|Any CPU
		{201F4D8E-D775-4BBC-9B01-001086F817F2}.Debug|Any CPU.Build.0 = Debug|Any CPU
		{201F4D8E-D775-4BBC-9B01-001086F817F2}.Release|Any CPU.ActiveCfg = Release|Any CPU
		{201F4D8E-D775-4BBC-9B01-001086F817F2}.Release|Any CPU.Build.0 = Release|Any CPU
	EndGlobalSection
	GlobalSection(SolutionProperties) = preSolution
		HideSolutionNode = FALSE
	EndGlobalSection
	GlobalSection(ExtensibilityGlobals) = postSolution
		SolutionGuid = {2860496A-C58A-42C0-92E8-AD8BA6080797}
	EndGlobalSection
EndGlobal
